Microsoft Visual Studio Solution File, Format Version 12.00
# Visual Studio 14
VisualStudioVersion = 14.0.24720.0
MinimumVisualStudioVersion = 10.0.40219.1
Project("{FAE04EC0-301F-11D3-BF4B-00C04F79EFBC}") = "DXDiagram.ContentItem", "DXDiagram.ContentItem\DXDiagram.ContentItem.csproj", "{D0BB9D3C-4566-460F-BC8B-4CA47BEA125E}"
EndProject
Global
	GlobalSection(SolutionConfigurationPlatforms) = preSolution
		Debug|Any CPU = Debug|Any CPU
		DebugTest|Any CPU = DebugTest|Any CPU
		Release|Any CPU = Release|Any CPU
	EndGlobalSection
	GlobalSection(ProjectConfigurationPlatforms) = postSolution
		{D0BB9D3C-4566-460F-BC8B-4CA47BEA125E}.Debug|Any CPU.ActiveCfg = Debug|Any CPU
		{D0BB9D3C-4566-460F-BC8B-4CA47BEA125E}.Debug|Any CPU.Build.0 = Debug|Any CPU
		{D0BB9D3C-4566-460F-BC8B-4CA47BEA125E}.DebugTest|Any CPU.ActiveCfg = DebugTest|Any CPU
		{D0BB9D3C-4566-460F-BC8B-4CA47BEA125E}.DebugTest|Any CPU.Build.0 = DebugTest|Any CPU
		{D0BB9D3C-4566-460F-BC8B-4CA47BEA125E}.Release|Any CPU.ActiveCfg = Release|Any CPU
		{D0BB9D3C-4566-460F-BC8B-4CA47BEA125E}.Release|Any CPU.Build.0 = Release|Any CPU
	EndGlobalSection
	GlobalSection(SolutionProperties) = preSolution
		HideSolutionNode = FALSE
	EndGlobalSection
	GlobalSection(SourceCodeControl) = preSolution
		SccNumberOfProjects = 2
		SccProjectUniqueName0 = DXDiagram.ContentItem\\DXDiagram.ContentItem.csproj
		SccProjectName0 = $/2016.1/XPF/DevExpress.Xpf.Diagram/Samples/DXDiagram.ContentItem/DXDiagram.ContentItem
		SccLocalPath0 = DXDiagram.ContentItem
		SccLocalPath1 = .
	EndGlobalSection
EndGlobal
